lockVersion: 2.0.0
id: c43a25a3-5f1f-4622-b1e0-ca3bbd27d5cb
management:
  docChecksum: 9d773b16f6219e3612aff77b6f3488c9
  docVersion: 1.0.0
  speakeasyVersion: internal
  generationVersion: 2.239.0
  releaseVersion: 0.1.0
  configChecksum: f80b9e7705f7b77b4595048c586c14c9
  repoSubDirectory: .
  installationURL: https://github.com/speakeasy-sdks/evolved-python.git
features:
  docs:
    constsAndDefaults: 0.1.0
    core: 1.24.2
    globalSecurity: 0.1.1
    globalServerURLs: 0.1.1
    groups: 0.1.1
    nameOverrides: 0.1.0
generatedFiles:
  - content/pages/01-reference/python/custom_http_client/custom_http_client.mdx
  - content/pages/01-reference/python/errors/errors.mdx
  - content/pages/01-reference/python/installation/installation.mdx
  - content/pages/01-reference/python/resources/search_api/get/_header.mdx
  - content/pages/01-reference/python/resources/search_api/get/_parameters.mdx
  - content/pages/01-reference/python/resources/search_api/get/_response.mdx
  - content/pages/01-reference/python/resources/search_api/get/_usage.mdx
  - content/pages/01-reference/python/resources/search_api/get/get.mdx
  - content/pages/01-reference/python/resources/search_api/search_api.mdx
  - content/pages/01-reference/python/security_options/security_options.mdx
  - content/pages/01-reference/python/server_options/server_options.mdx
  - content/types//accepted_response/python.mdx
  - content/types//company/python.mdx
  - content/types//content_choice/python.mdx
  - content/types//content_type/python.mdx
  - content/types//document/python.mdx
  - content/types//filter/python.mdx
  - content/types//geography_by_document/python.mdx
  - content/types//grouping_choice/python.mdx
  - content/types//industry/python.mdx
  - content/types//language/python.mdx
  - content/types//metadata/python.mdx
  - content/types//negative_news/python.mdx
  - content/types//people/python.mdx
  - content/types//practice_areas_and_topics/python.mdx
  - content/types//publication_location/python.mdx
  - content/types//publication_type/python.mdx
  - content/types//publisher/python.mdx
  - content/types//response/python.mdx
  - content/types//search_api_request/python.mdx
  - content/types//search_api_response/python.mdx
  - content/types//security/python.mdx
  - content/types//smart_index_entity/python.mdx
  - content/types//sort_choice/python.mdx
  - content/types//sources/python.mdx
  - content/types//subject/python.mdx
  - content/types//timeline/python.mdx
  - content/pages/01-reference/curl/resources/search_api/search_api.mdx
  - content/pages/01-reference/curl/resources/search_api/get/get.mdx
  - content/pages/01-reference/curl/resources/search_api/get/_authentication.mdx
  - content/pages/01-reference/curl/resources/search_api/get/_response.mdx
  - content/pages/01-reference/curl/resources/search_api/get/_parameters.mdx
  - content/pages/01-reference/curl/resources/search_api/get/_usage.mdx
  - content/pages/01-reference/curl/resources/search_api/get/_header.mdx
  - content/types/operations/search_api_request/curl.mdx
  - content/types/operations/search_api_response/curl.mdx
  - content/types/shared/accepted_response/curl.mdx
  - content/types/shared/response/curl.mdx
  - content/types/shared/metadata/curl.mdx
  - content/types/shared/document/curl.mdx
  - content/types/shared/smart_index_entity/curl.mdx
  - content/types/shared/company/curl.mdx
  - content/types/shared/content_type/curl.mdx
  - content/types/shared/geography_by_document/curl.mdx
  - content/types/shared/industry/curl.mdx
  - content/types/shared/language/curl.mdx
  - content/types/shared/negative_news/curl.mdx
  - content/types/shared/people/curl.mdx
  - content/types/shared/practice_areas_and_topics/curl.mdx
  - content/types/shared/publication_location/curl.mdx
  - content/types/shared/publication_type/curl.mdx
  - content/types/shared/publisher/curl.mdx
  - content/types/shared/sources/curl.mdx
  - content/types/shared/subject/curl.mdx
  - content/types/shared/timeline/curl.mdx
  - content/types/shared/filter/curl.mdx
  - content/types/shared/grouping_choice/curl.mdx
  - content/types/shared/sort_choice/curl.mdx
  - content/types/shared/content_choice/curl.mdx
  - content/types/shared/security/curl.mdx
  - content/languages.tsx
  - content/pages/01-reference/python/resources/resources.mdx
  - content/pages/01-reference/curl/resources/resources.mdx
  - .commitlintrc.json
  - .editorconfig
  - .eslintrc
  - .npmrc
  - .nvmrc
  - .prettierrc
  - next-env.d.ts
  - package.json
  - pnpm-lock.yaml
  - src/components/Buttons/CopyToClipboard/index.tsx
  - src/components/Buttons/CopyToClipboard/styles.module.scss
  - src/components/Collapsible/index.tsx
  - src/components/Collapsible/styles.module.scss
  - src/components/Columns/index.tsx
  - src/components/Columns/styles.module.scss
  - src/components/Footer/index.tsx
  - src/components/Footer/styles.module.scss
  - src/components/Header/index.tsx
  - src/components/Header/styles.module.scss
  - src/components/LanguageSelector/index.tsx
  - src/components/LanguageSelector/styles.module.scss
  - src/components/LinkWrapper/index.tsx
  - src/components/LinkWrapper/styles.module.scss
  - src/components/Logo/index.tsx
  - src/components/Logo/styles.module.scss
  - src/components/Message/index.tsx
  - src/components/Message/styles.module.scss
  - src/components/MethodPill/index.tsx
  - src/components/MethodPill/styles.module.scss
  - src/components/NavItem/index.tsx
  - src/components/NavItem/styles.module.scss
  - src/components/OperationHeader/index.tsx
  - src/components/OperationInfo/index.tsx
  - src/components/OperationInfo/styles.module.scss
  - src/components/Parameters/index.tsx
  - src/components/Parameters/styles.module.scss
  - src/components/SDKPicker/index.tsx
  - src/components/SDKPicker/styles.module.scss
  - src/components/Section/section.tsx
  - src/components/Section/styles.module.scss
  - src/components/StatusCode/index.tsx
  - src/components/StatusCode/styles.module.scss
  - src/components/TabbedSection/index.tsx
  - src/components/TabbedSection/styles.module.scss
  - src/components/TextHeaderWrapper/index.tsx
  - src/components/TextHeaderWrapper/styles.module.scss
  - src/components/ThemeToggle/index.tsx
  - src/components/ThemeToggle/styles.module.scss
  - src/components/Watermark/index.tsx
  - src/components/Watermark/styles.module.scss
  - src/components/WithStatusBar/index.tsx
  - src/components/WithStatusBar/styles.module.scss
  - src/components/head.tsx
  - src/components/rootContainer.tsx
  - src/components/routeProvider.tsx
  - src/components/scrollManager.tsx
  - src/components/typeHelpers.tsx
  - src/icons/CheckIcon/index.tsx
  - src/icons/CopyIcon/index.tsx
  - src/icons/ExternalLink/index.tsx
  - src/icons/ExternalLink/styles.module.scss
  - src/icons/GitHub/index.tsx
  - src/icons/GitHub/styles.module.scss
  - src/icons/InfoIcon/index.tsx
  - src/icons/Link/index.tsx
  - src/icons/Linkedin/index.tsx
  - src/icons/Linkedin/styles.module.scss
  - src/icons/Moon/index.tsx
  - src/icons/Moon/styles.module.scss
  - src/icons/RightArrow/index.tsx
  - src/icons/RightArrow/styles.module.scss
  - src/icons/Search/index.tsx
  - src/icons/Search/styles.module.scss
  - src/icons/Slack/index.tsx
  - src/icons/Slack/styles.module.scss
  - src/icons/Sun/index.tsx
  - src/icons/Sun/styles.module.scss
  - src/icons/Twitter/index.tsx
  - src/icons/Twitter/styles.module.scss
  - src/icons/gradient.png
  - src/icons/languages/csharp.tsx
  - src/icons/languages/curl.tsx
  - src/icons/languages/go.tsx
  - src/icons/languages/java.tsx
  - src/icons/languages/python.tsx
  - src/icons/languages/typescript.tsx
  - src/icons/languages/unity.tsx
  - src/lib/labels.ts
  - src/lib/languageData.ts
  - src/styles/background-gradients.scss
  - src/styles/codehike-styles.scss
  - src/styles/index.scss
  - src/styles/nextra.scss
  - src/styles/theme.js
  - src/styles/utils/_colors.scss
  - src/styles/utils/_mixins.scss
  - src/styles/utils/_variables.scss
  - src/utils/contexts/languageContext.ts
  - src/utils/contexts/linkableContext.ts
  - src/utils/helpers.ts
  - src/utils/routesHelpers.ts
  - src/utils/theme.ts
  - src/utils/themeLoader.js
  - theme.config.tsx
  - tsconfig.json
  - Makefile
  - src/components/customRedirects.tsx
  - next.config.js
  - server.go
  - Dockerfile
  - src/pages/_app.mdx
  - src/pages/python/[[...rest]].mdx
  - src/.gen/pages/01-reference/python/custom_http_client/_snippet.mdx
  - src/.gen/pages/01-reference/python/custom_http_client/custom_http_client.mdx
  - src/.gen/pages/01-reference/python/custom_http_client/custom_http_client_content.mdx
  - src/.gen/pages/01-reference/python/errors/_snippet.mdx
  - src/.gen/pages/01-reference/python/errors/errors.mdx
  - src/.gen/pages/01-reference/python/errors/errors_content.mdx
  - src/.gen/pages/01-reference/python/installation/_snippet.mdx
  - src/.gen/pages/01-reference/python/installation/installation.mdx
  - src/.gen/pages/01-reference/python/installation/installation_content.mdx
  - src/.gen/pages/01-reference/python/resources/search_api/get/_header.mdx
  - src/.gen/pages/01-reference/python/resources/search_api/get/_parameters.mdx
  - src/.gen/pages/01-reference/python/resources/search_api/get/_response.mdx
  - src/.gen/pages/01-reference/python/resources/search_api/get/_usage.mdx
  - src/.gen/pages/01-reference/python/resources/search_api/get/get.mdx
  - src/.gen/pages/01-reference/python/resources/search_api/get/get_content.mdx
  - src/.gen/pages/01-reference/python/resources/search_api/search_api.mdx
  - src/.gen/pages/01-reference/python/resources/search_api/search_api_content.mdx
  - src/.gen/pages/01-reference/python/resources/resources.mdx
  - src/.gen/pages/01-reference/python/resources/resources_content.mdx
  - src/.gen/pages/01-reference/python/security_options/_snippet.mdx
  - src/.gen/pages/01-reference/python/security_options/security_options.mdx
  - src/.gen/pages/01-reference/python/security_options/security_options_content.mdx
  - src/.gen/pages/01-reference/python/server_options/_snippet.mdx
  - src/.gen/pages/01-reference/python/server_options/server_options.mdx
  - src/.gen/pages/01-reference/python/server_options/server_options_content.mdx
  - src/.gen/pages/01-reference/python/python.mdx
  - src/.gen/pages/01-reference/python/python_content.mdx
  - src/pages/python/custom_http_client/_meta.json
  - src/pages/python/errors/_meta.json
  - src/pages/python/installation/_meta.json
  - src/pages/python/security_options/_meta.json
  - src/pages/python/server_options/_meta.json
  - src/pages/python/search_api/get/_meta.json
  - src/pages/python/search_api/_meta.json
  - src/pages/python/_meta.json
  - src/pages/curl/[[...rest]].mdx
  - src/.gen/pages/01-reference/curl/resources/search_api/get/_authentication.mdx
  - src/.gen/pages/01-reference/curl/resources/search_api/get/_header.mdx
  - src/.gen/pages/01-reference/curl/resources/search_api/get/_parameters.mdx
  - src/.gen/pages/01-reference/curl/resources/search_api/get/_response.mdx
  - src/.gen/pages/01-reference/curl/resources/search_api/get/_usage.mdx
  - src/.gen/pages/01-reference/curl/resources/search_api/get/get.mdx
  - src/.gen/pages/01-reference/curl/resources/search_api/get/get_content.mdx
  - src/.gen/pages/01-reference/curl/resources/search_api/search_api.mdx
  - src/.gen/pages/01-reference/curl/resources/search_api/search_api_content.mdx
  - src/.gen/pages/01-reference/curl/resources/resources.mdx
  - src/.gen/pages/01-reference/curl/resources/resources_content.mdx
  - src/.gen/pages/01-reference/curl/curl.mdx
  - src/.gen/pages/01-reference/curl/curl_content.mdx
  - src/pages/curl/search_api/get/_meta.json
  - src/pages/curl/search_api/_meta.json
  - src/pages/curl/_meta.json
  - src/pages/_meta.json
